
Microsoft Visual Studio Solution File, Format Version 12.00
# Visual Studio Version 17
VisualStudioVersion = 17.13.35825.156 d17.13
MinimumVisualStudioVersion = 10.0.40219.1
Project("{8BC9CEB8-8B4A-11D0-8D11-00A0C91BC942}") = "problem2", "problem2.vcxproj", "{4605D799-3AEE-42DF-A933-9CEF9752845C}"
EndProject
Global
	GlobalSection(SolutionConfigurationPlatforms) = preSolution
		Debug|x64 = Debug|x64
		Debug|x86 = Debug|x86
		Release|x64 = Release|x64
		Release|x86 = Release|x86
	EndGlobalSection
	GlobalSection(ProjectConfigurationPlatforms) = postSolution
		{4605D799-3AEE-42DF-A933-9CEF9752845C}.Debug|x64.ActiveCfg = Debug|x64
		{4605D799-3AEE-42DF-A933-9CEF9752845C}.Debug|x64.Build.0 = Debug|x64
		{4605D799-3AEE-42DF-A933-9CEF9752845C}.Debug|x86.ActiveCfg = Debug|Win32
		{4605D799-3AEE-42DF-A933-9CEF9752845C}.Debug|x86.Build.0 = Debug|Win32
		{4605D799-3AEE-42DF-A933-9CEF9752845C}.Release|x64.ActiveCfg = Release|x64
		{4605D799-3AEE-42DF-A933-9CEF9752845C}.Release|x64.Build.0 = Release|x64
		{4605D799-3AEE-42DF-A933-9CEF9752845C}.Release|x86.ActiveCfg = Release|Win32
		{4605D799-3AEE-42DF-A933-9CEF9752845C}.Release|x86.Build.0 = Release|Win32
	EndGlobalSection
	GlobalSection(SolutionProperties) = preSolution
		HideSolutionNode = FALSE
	EndGlobalSection
	GlobalSection(ExtensibilityGlobals) = postSolution
		SolutionGuid = {09F4C2C1-DC9E-4536-8C13-D4CA9F199395}
	EndGlobalSection
EndGlobal
