
Microsoft Visual Studio Solution File, Format Version 12.00
# Visual Studio Version 17
VisualStudioVersion = 17.13.35825.156 d17.13
MinimumVisualStudioVersion = 10.0.40219.1
Project("{8BC9CEB8-8B4A-11D0-8D11-00A0C91BC942}") = "main", "main.vcxproj", "{764A6AB3-9048-4A5B-BA53-4E1DCBF14014}"
EndProject
Project("{2150E333-8FDC-42A3-9474-1A3956D46DE8}") = "Solution Items", "Solution Items", "{8EC462FD-D22E-90A8-E5CE-7E832BA40C5D}"
	ProjectSection(SolutionItems) = preProject
		employees.txt = employees.txt
	EndProjectSection
EndProject
Global
	GlobalSection(SolutionConfigurationPlatforms) = preSolution
		Debug|x64 = Debug|x64
		Debug|x86 = Debug|x86
		Release|x64 = Release|x64
		Release|x86 = Release|x86
	EndGlobalSection
	GlobalSection(ProjectConfigurationPlatforms) = postSolution
		{764A6AB3-9048-4A5B-BA53-4E1DCBF14014}.Debug|x64.ActiveCfg = Debug|x64
		{764A6AB3-9048-4A5B-BA53-4E1DCBF14014}.Debug|x64.Build.0 = Debug|x64
		{764A6AB3-9048-4A5B-BA53-4E1DCBF14014}.Debug|x86.ActiveCfg = Debug|Win32
		{764A6AB3-9048-4A5B-BA53-4E1DCBF14014}.Debug|x86.Build.0 = Debug|Win32
		{764A6AB3-9048-4A5B-BA53-4E1DCBF14014}.Release|x64.ActiveCfg = Release|x64
		{764A6AB3-9048-4A5B-BA53-4E1DCBF14014}.Release|x64.Build.0 = Release|x64
		{764A6AB3-9048-4A5B-BA53-4E1DCBF14014}.Release|x86.ActiveCfg = Release|Win32
		{764A6AB3-9048-4A5B-BA53-4E1DCBF14014}.Release|x86.Build.0 = Release|Win32
	EndGlobalSection
	GlobalSection(SolutionProperties) = preSolution
		HideSolutionNode = FALSE
	EndGlobalSection
	GlobalSection(ExtensibilityGlobals) = postSolution
		SolutionGuid = {FF54E634-0A9B-4762-955A-7CA6C45E9348}
	EndGlobalSection
EndGlobal
